// !$*UTF8*$!
{
	archiveVersion = 1;
	classes = {
	};
	objectVersion = 46;
	objects = {

/* Begin PBXBuildFile section */
		A31DEF081818B214008D11A0 /* char_property.h in Headers */ = {isa = PBXBuildFile; fileRef = A31DEECF1818B214008D11A0 /* char_property.h */; };
		A31DEF091818B214008D11A0 /* common.h in Headers */ = {isa = PBXBuildFile; fileRef = A31DEED01818B214008D11A0 /* common.h */; };
		A31DEF0A1818B214008D11A0 /* connector.h in Headers */ = {isa = PBXBuildFile; fileRef = A31DEED11818B214008D11A0 /* connector.h */; };
		A31DEF0B1818B214008D11A0 /* context_id.h in Headers */ = {isa = PBXBuildFile; fileRef = A31DEED21818B214008D11A0 /* context_id.h */; };
		A31DEF0C1818B214008D11A0 /* darts.h in Headers */ = {isa = PBXBuildFile; fileRef = A31DEED31818B214008D11A0 /* darts.h */; };
		A31DEF0D1818B214008D11A0 /* dictionary_rewriter.h in Headers */ = {isa = PBXBuildFile; fileRef = A31DEED41818B214008D11A0 /* dictionary_rewriter.h */; };
		A31DEF0E1818B214008D11A0 /* dictionary.h in Headers */ = {isa = PBXBuildFile; fileRef = A31DEED51818B214008D11A0 /* dictionary.h */; };
		A31DEF0F1818B214008D11A0 /* feature_index.h in Headers */ = {isa = PBXBuildFile; fileRef = A31DEED61818B214008D11A0 /* feature_index.h */; };
		A31DEF101818B214008D11A0 /* freelist.h in Headers */ = {isa = PBXBuildFile; fileRef = A31DEED71818B214008D11A0 /* freelist.h */; };
		A31DEF111818B214008D11A0 /* iconv_utils.h in Headers */ = {isa = PBXBuildFile; fileRef = A31DEED81818B214008D11A0 /* iconv_utils.h */; };
		A31DEF121818B214008D11A0 /* lbfgs.h in Headers */ = {isa = PBXBuildFile; fileRef = A31DEED91818B214008D11A0 /* lbfgs.h */; };
		A31DEF131818B214008D11A0 /* learner_node.h in Headers */ = {isa = PBXBuildFile; fileRef = A31DEEDA1818B214008D11A0 /* learner_node.h */; };
		A31DEF141818B214008D11A0 /* learner_tagger.h in Headers */ = {isa = PBXBuildFile; fileRef = A31DEEDB1818B214008D11A0 /* learner_tagger.h */; };
		A31DEF151818B214008D11A0 /* mecab.h in Headers */ = {isa = PBXBuildFile; fileRef = A31DEEDC1818B214008D11A0 /* mecab.h */; };
		A31DEF161818B214008D11A0 /* mmap.h in Headers */ = {isa = PBXBuildFile; fileRef = A31DEEDD1818B214008D11A0 /* mmap.h */; };
		A31DEF171818B214008D11A0 /* nbest_generator.h in Headers */ = {isa = PBXBuildFile; fileRef = A31DEEDE1818B214008D11A0 /* nbest_generator.h */; };
		A31DEF181818B214008D11A0 /* param.h in Headers */ = {isa = PBXBuildFile; fileRef = A31DEEDF1818B214008D11A0 /* param.h */; };
		A31DEF191818B214008D11A0 /* scoped_ptr.h in Headers */ = {isa = PBXBuildFile; fileRef = A31DEEE01818B214008D11A0 /* scoped_ptr.h */; };
		A31DEF1A1818B214008D11A0 /* stream_wrapper.h in Headers */ = {isa = PBXBuildFile; fileRef = A31DEEE11818B214008D11A0 /* stream_wrapper.h */; };
		A31DEF1B1818B214008D11A0 /* string_buffer.h in Headers */ = {isa = PBXBuildFile; fileRef = A31DEEE21818B214008D11A0 /* string_buffer.h */; };
		A31DEF1C1818B214008D11A0 /* thread.h in Headers */ = {isa = PBXBuildFile; fileRef = A31DEEE31818B214008D11A0 /* thread.h */; };
		A31DEF1D1818B214008D11A0 /* tokenizer.h in Headers */ = {isa = PBXBuildFile; fileRef = A31DEEE41818B214008D11A0 /* tokenizer.h */; };
		A31DEF1E1818B214008D11A0 /* ucs.h in Headers */ = {isa = PBXBuildFile; fileRef = A31DEEE51818B214008D11A0 /* ucs.h */; };
		A31DEF1F1818B214008D11A0 /* ucstable.h in Headers */ = {isa = PBXBuildFile; fileRef = A31DEEE61818B214008D11A0 /* ucstable.h */; };
		A31DEF201818B214008D11A0 /* utils.h in Headers */ = {isa = PBXBuildFile; fileRef = A31DEEE71818B214008D11A0 /* utils.h */; };
		A31DEF211818B214008D11A0 /* viterbi.h in Headers */ = {isa = PBXBuildFile; fileRef = A31DEEE81818B214008D11A0 /* viterbi.h */; };
		A31DEF221818B214008D11A0 /* winmain.h in Headers */ = {isa = PBXBuildFile; fileRef = A31DEEE91818B214008D11A0 /* winmain.h */; };
		A31DEF231818B214008D11A0 /* writer.h in Headers */ = {isa = PBXBuildFile; fileRef = A31DEEEA1818B214008D11A0 /* writer.h */; };
		A31DEF241818B214008D11A0 /* char_property.cpp in Sources */ = {isa = PBXBuildFile; fileRef = A31DEEEB1818B214008D11A0 /* char_property.cpp */; };
		A31DEF251818B214008D11A0 /* connector.cpp in Sources */ = {isa = PBXBuildFile; fileRef = A31DEEEC1818B214008D11A0 /* connector.cpp */; };
		A31DEF261818B214008D11A0 /* context_id.cpp in Sources */ = {isa = PBXBuildFile; fileRef = A31DEEED1818B214008D11A0 /* context_id.cpp */; };
		A31DEF271818B214008D11A0 /* dictionary_compiler.cpp in Sources */ = {isa = PBXBuildFile; fileRef = A31DEEEE1818B214008D11A0 /* dictionary_compiler.cpp */; };
		A31DEF281818B214008D11A0 /* dictionary_generator.cpp in Sources */ = {isa = PBXBuildFile; fileRef = A31DEEEF1818B214008D11A0 /* dictionary_generator.cpp */; };
		A31DEF291818B214008D11A0 /* dictionary_rewriter.cpp in Sources */ = {isa = PBXBuildFile; fileRef = A31DEEF01818B214008D11A0 /* dictionary_rewriter.cpp */; };
		A31DEF2A1818B214008D11A0 /* dictionary.cpp in Sources */ = {isa = PBXBuildFile; fileRef = A31DEEF11818B214008D11A0 /* dictionary.cpp */; };
		A31DEF2B1818B214008D11A0 /* eval.cpp in Sources */ = {isa = PBXBuildFile; fileRef = A31DEEF21818B214008D11A0 /* eval.cpp */; };
		A31DEF2C1818B214008D11A0 /* feature_index.cpp in Sources */ = {isa = PBXBuildFile; fileRef = A31DEEF31818B214008D11A0 /* feature_index.cpp */; };
		A31DEF2D1818B214008D11A0 /* iconv_utils.cpp in Sources */ = {isa = PBXBuildFile; fileRef = A31DEEF41818B214008D11A0 /* iconv_utils.cpp */; };
		A31DEF2E1818B214008D11A0 /* lbfgs.cpp in Sources */ = {isa = PBXBuildFile; fileRef = A31DEEF51818B214008D11A0 /* lbfgs.cpp */; };
		A31DEF2F1818B214008D11A0 /* learner_tagger.cpp in Sources */ = {isa = PBXBuildFile; fileRef = A31DEEF61818B214008D11A0 /* learner_tagger.cpp */; };
		A31DEF301818B214008D11A0 /* learner.cpp in Sources */ = {isa = PBXBuildFile; fileRef = A31DEEF71818B214008D11A0 /* learner.cpp */; };
		A31DEF311818B214008D11A0 /* libmecab.cpp in Sources */ = {isa = PBXBuildFile; fileRef = A31DEEF81818B214008D11A0 /* libmecab.cpp */; };
		A31DEF321818B214008D11A0 /* mecab-cost-train.cpp in Sources */ = {isa = PBXBuildFile; fileRef = A31DEEF91818B214008D11A0 /* mecab-cost-train.cpp */; };
		A31DEF331818B214008D11A0 /* mecab-dict-gen.cpp in Sources */ = {isa = PBXBuildFile; fileRef = A31DEEFA1818B214008D11A0 /* mecab-dict-gen.cpp */; };
		A31DEF341818B214008D11A0 /* mecab-dict-index.cpp in Sources */ = {isa = PBXBuildFile; fileRef = A31DEEFB1818B214008D11A0 /* mecab-dict-index.cpp */; };
		A31DEF351818B214008D11A0 /* mecab-system-eval.cpp in Sources */ = {isa = PBXBuildFile; fileRef = A31DEEFC1818B214008D11A0 /* mecab-system-eval.cpp */; };
		A31DEF361818B214008D11A0 /* mecab-test-gen.cpp in Sources */ = {isa = PBXBuildFile; fileRef = A31DEEFD1818B214008D11A0 /* mecab-test-gen.cpp */; };
		A31DEF371818B214008D11A0 /* mecab.cpp in Sources */ = {isa = PBXBuildFile; fileRef = A31DEEFE1818B214008D11A0 /* mecab.cpp */; };
		A31DEF381818B214008D11A0 /* nbest_generator.cpp in Sources */ = {isa = PBXBuildFile; fileRef = A31DEEFF1818B214008D11A0 /* nbest_generator.cpp */; };
		A31DEF391818B214008D11A0 /* param.cpp in Sources */ = {isa = PBXBuildFile; fileRef = A31DEF001818B214008D11A0 /* param.cpp */; };
		A31DEF3A1818B214008D11A0 /* string_buffer.cpp in Sources */ = {isa = PBXBuildFile; fileRef = A31DEF011818B214008D11A0 /* string_buffer.cpp */; };
		A31DEF3B1818B214008D11A0 /* tagger.cpp in Sources */ = {isa = PBXBuildFile; fileRef = A31DEF021818B214008D11A0 /* tagger.cpp */; };
		A31DEF3C1818B214008D11A0 /* tokenizer.cpp in Sources */ = {isa = PBXBuildFile; fileRef = A31DEF031818B214008D11A0 /* tokenizer.cpp */; };
		A31DEF3D1818B214008D11A0 /* utils.cpp in Sources */ = {isa = PBXBuildFile; fileRef = A31DEF041818B214008D11A0 /* utils.cpp */; };
		A31DEF3E1818B214008D11A0 /* viterbi.cpp in Sources */ = {isa = PBXBuildFile; fileRef = A31DEF051818B214008D11A0 /* viterbi.cpp */; };
		A31DEF3F1818B214008D11A0 /* writer.cpp in Sources */ = {isa = PBXBuildFile; fileRef = A31DEF061818B214008D11A0 /* writer.cpp */; };
		A31DEF411818B34C008D11A0 /* config.h in Headers */ = {isa = PBXBuildFile; fileRef = A31DEF401818B34C008D11A0 /* config.h */; };
		A3D29450170AD7F000209D38 /* mecab_Prefix.pch in Headers */ = {isa = PBXBuildFile; fileRef = A3D2944F170AD7F000209D38 /* mecab_Prefix.pch */; };
		AACBBE4A0F95108600F1A2B1 /* Foundation.framework in Frameworks */ = {isa = PBXBuildFile; fileRef = AACBBE490F95108600F1A2B1 /* Foundation.framework */; };
/* End PBXBuildFile section */

/* Begin PBXFileReference section */
		A31DEECF1818B214008D11A0 /* char_property.h */ = {isa = PBXFileReference; fileEncoding = 4; lastKnownFileType = sourcecode.c.h; path = char_property.h; sourceTree = "<group>"; };
		A31DEED01818B214008D11A0 /* common.h */ = {isa = PBXFileReference; fileEncoding = 4; lastKnownFileType = sourcecode.c.h; path = common.h; sourceTree = "<group>"; };
		A31DEED11818B214008D11A0 /* connector.h */ = {isa = PBXFileReference; fileEncoding = 4; lastKnownFileType = sourcecode.c.h; path = connector.h; sourceTree = "<group>"; };
		A31DEED21818B214008D11A0 /* context_id.h */ = {isa = PBXFileReference; fileEncoding = 4; lastKnownFileType = sourcecode.c.h; path = context_id.h; sourceTree = "<group>"; };
		A31DEED31818B214008D11A0 /* darts.h */ = {isa = PBXFileReference; fileEncoding = 4; lastKnownFileType = sourcecode.c.h; path = darts.h; sourceTree = "<group>"; };
		A31DEED41818B214008D11A0 /* dictionary_rewriter.h */ = {isa = PBXFileReference; fileEncoding = 4; lastKnownFileType = sourcecode.c.h; path = dictionary_rewriter.h; sourceTree = "<group>"; };
		A31DEED51818B214008D11A0 /* dictionary.h */ = {isa = PBXFileReference; fileEncoding = 4; lastKnownFileType = sourcecode.c.h; path = dictionary.h; sourceTree = "<group>"; };
		A31DEED61818B214008D11A0 /* feature_index.h */ = {isa = PBXFileReference; fileEncoding = 4; lastKnownFileType = sourcecode.c.h; path = feature_index.h; sourceTree = "<group>"; };
		A31DEED71818B214008D11A0 /* freelist.h */ = {isa = PBXFileReference; fileEncoding = 4; lastKnownFileType = sourcecode.c.h; path = freelist.h; sourceTree = "<group>"; };
		A31DEED81818B214008D11A0 /* iconv_utils.h */ = {isa = PBXFileReference; fileEncoding = 4; lastKnownFileType = sourcecode.c.h; path = iconv_utils.h; sourceTree = "<group>"; };
		A31DEED91818B214008D11A0 /* lbfgs.h */ = {isa = PBXFileReference; fileEncoding = 4; lastKnownFileType = sourcecode.c.h; path = lbfgs.h; sourceTree = "<group>"; };
		A31DEEDA1818B214008D11A0 /* learner_node.h */ = {isa = PBXFileReference; fileEncoding = 4; lastKnownFileType = sourcecode.c.h; path = learner_node.h; sourceTree = "<group>"; };
		A31DEEDB1818B214008D11A0 /* learner_tagger.h */ = {isa = PBXFileReference; fileEncoding = 4; lastKnownFileType = sourcecode.c.h; path = learner_tagger.h; sourceTree = "<group>"; };
		A31DEEDC1818B214008D11A0 /* mecab.h */ = {isa = PBXFileReference; fileEncoding = 4; lastKnownFileType = sourcecode.c.h; path = mecab.h; sourceTree = "<group>"; };
		A31DEEDD1818B214008D11A0 /* mmap.h */ = {isa = PBXFileReference; fileEncoding = 4; lastKnownFileType = sourcecode.c.h; path = mmap.h; sourceTree = "<group>"; };
		A31DEEDE1818B214008D11A0 /* nbest_generator.h */ = {isa = PBXFileReference; fileEncoding = 4; lastKnownFileType = sourcecode.c.h; path = nbest_generator.h; sourceTree = "<group>"; };
		A31DEEDF1818B214008D11A0 /* param.h */ = {isa = PBXFileReference; fileEncoding = 4; lastKnownFileType = sourcecode.c.h; path = param.h; sourceTree = "<group>"; };
		A31DEEE01818B214008D11A0 /* scoped_ptr.h */ = {isa = PBXFileReference; fileEncoding = 4; lastKnownFileType = sourcecode.c.h; path = scoped_ptr.h; sourceTree = "<group>"; };
		A31DEEE11818B214008D11A0 /* stream_wrapper.h */ = {isa = PBXFileReference; fileEncoding = 4; lastKnownFileType = sourcecode.c.h; path = stream_wrapper.h; sourceTree = "<group>"; };
		A31DEEE21818B214008D11A0 /* string_buffer.h */ = {isa = PBXFileReference; fileEncoding = 4; lastKnownFileType = sourcecode.c.h; path = string_buffer.h; sourceTree = "<group>"; };
		A31DEEE31818B214008D11A0 /* thread.h */ = {isa = PBXFileReference; fileEncoding = 4; lastKnownFileType = sourcecode.c.h; path = thread.h; sourceTree = "<group>"; };
		A31DEEE41818B214008D11A0 /* tokenizer.h */ = {isa = PBXFileReference; fileEncoding = 4; lastKnownFileType = sourcecode.c.h; path = tokenizer.h; sourceTree = "<group>"; };
		A31DEEE51818B214008D11A0 /* ucs.h */ = {isa = PBXFileReference; fileEncoding = 4; lastKnownFileType = sourcecode.c.h; path = ucs.h; sourceTree = "<group>"; };
		A31DEEE61818B214008D11A0 /* ucstable.h */ = {isa = PBXFileReference; fileEncoding = 4; lastKnownFileType = sourcecode.c.h; path = ucstable.h; sourceTree = "<group>"; };
		A31DEEE71818B214008D11A0 /* utils.h */ = {isa = PBXFileReference; fileEncoding = 4; lastKnownFileType = sourcecode.c.h; path = utils.h; sourceTree = "<group>"; };
		A31DEEE81818B214008D11A0 /* viterbi.h */ = {isa = PBXFileReference; fileEncoding = 4; lastKnownFileType = sourcecode.c.h; path = viterbi.h; sourceTree = "<group>"; };
		A31DEEE91818B214008D11A0 /* winmain.h */ = {isa = PBXFileReference; fileEncoding = 4; lastKnownFileType = sourcecode.c.h; path = winmain.h; sourceTree = "<group>"; };
		A31DEEEA1818B214008D11A0 /* writer.h */ = {isa = PBXFileReference; fileEncoding = 4; lastKnownFileType = sourcecode.c.h; path = writer.h; sourceTree = "<group>"; };
		A31DEEEB1818B214008D11A0 /* char_property.cpp */ = {isa = PBXFileReference; fileEncoding = 4; lastKnownFileType = sourcecode.cpp.cpp; path = char_property.cpp; sourceTree = "<group>"; };
		A31DEEEC1818B214008D11A0 /* connector.cpp */ = {isa = PBXFileReference; fileEncoding = 4; lastKnownFileType = sourcecode.cpp.cpp; path = connector.cpp; sourceTree = "<group>"; };
		A31DEEED1818B214008D11A0 /* context_id.cpp */ = {isa = PBXFileReference; fileEncoding = 4; lastKnownFileType = sourcecode.cpp.cpp; path = context_id.cpp; sourceTree = "<group>"; };
		A31DEEEE1818B214008D11A0 /* dictionary_compiler.cpp */ = {isa = PBXFileReference; fileEncoding = 4; lastKnownFileType = sourcecode.cpp.cpp; path = dictionary_compiler.cpp; sourceTree = "<group>"; };
		A31DEEEF1818B214008D11A0 /* dictionary_generator.cpp */ = {isa = PBXFileReference; fileEncoding = 4; lastKnownFileType = sourcecode.cpp.cpp; path = dictionary_generator.cpp; sourceTree = "<group>"; };
		A31DEEF01818B214008D11A0 /* dictionary_rewriter.cpp */ = {isa = PBXFileReference; fileEncoding = 4; lastKnownFileType = sourcecode.cpp.cpp; path = dictionary_rewriter.cpp; sourceTree = "<group>"; };
		A31DEEF11818B214008D11A0 /* dictionary.cpp */ = {isa = PBXFileReference; fileEncoding = 4; lastKnownFileType = sourcecode.cpp.cpp; path = dictionary.cpp; sourceTree = "<group>"; };
		A31DEEF21818B214008D11A0 /* eval.cpp */ = {isa = PBXFileReference; fileEncoding = 4; lastKnownFileType = sourcecode.cpp.cpp; path = eval.cpp; sourceTree = "<group>"; };
		A31DEEF31818B214008D11A0 /* feature_index.cpp */ = {isa = PBXFileReference; fileEncoding = 4; lastKnownFileType = sourcecode.cpp.cpp; path = feature_index.cpp; sourceTree = "<group>"; };
		A31DEEF41818B214008D11A0 /* iconv_utils.cpp */ = {isa = PBXFileReference; fileEncoding = 4; lastKnownFileType = sourcecode.cpp.cpp; path = iconv_utils.cpp; sourceTree = "<group>"; };
		A31DEEF51818B214008D11A0 /* lbfgs.cpp */ = {isa = PBXFileReference; fileEncoding = 4; lastKnownFileType = sourcecode.cpp.cpp; path = lbfgs.cpp; sourceTree = "<group>"; };
		A31DEEF61818B214008D11A0 /* learner_tagger.cpp */ = {isa = PBXFileReference; fileEncoding = 4; lastKnownFileType = sourcecode.cpp.cpp; path = learner_tagger.cpp; sourceTree = "<group>"; };
		A31DEEF71818B214008D11A0 /* learner.cpp */ = {isa = PBXFileReference; fileEncoding = 4; lastKnownFileType = sourcecode.cpp.cpp; path = learner.cpp; sourceTree = "<group>"; };
		A31DEEF81818B214008D11A0 /* libmecab.cpp */ = {isa = PBXFileReference; fileEncoding = 4; lastKnownFileType = sourcecode.cpp.cpp; path = libmecab.cpp; sourceTree = "<group>"; };
		A31DEEF91818B214008D11A0 /* mecab-cost-train.cpp */ = {isa = PBXFileReference; fileEncoding = 4; lastKnownFileType = sourcecode.cpp.cpp; path = "mecab-cost-train.cpp"; sourceTree = "<group>"; };
		A31DEEFA1818B214008D11A0 /* mecab-dict-gen.cpp */ = {isa = PBXFileReference; fileEncoding = 4; lastKnownFileType = sourcecode.cpp.cpp; path = "mecab-dict-gen.cpp"; sourceTree = "<group>"; };
		A31DEEFB1818B214008D11A0 /* mecab-dict-index.cpp */ = {isa = PBXFileReference; fileEncoding = 4; lastKnownFileType = sourcecode.cpp.cpp; path = "mecab-dict-index.cpp"; sourceTree = "<group>"; };
		A31DEEFC1818B214008D11A0 /* mecab-system-eval.cpp */ = {isa = PBXFileReference; fileEncoding = 4; lastKnownFileType = sourcecode.cpp.cpp; path = "mecab-system-eval.cpp"; sourceTree = "<group>"; };
		A31DEEFD1818B214008D11A0 /* mecab-test-gen.cpp */ = {isa = PBXFileReference; fileEncoding = 4; lastKnownFileType = sourcecode.cpp.cpp; path = "mecab-test-gen.cpp"; sourceTree = "<group>"; };
		A31DEEFE1818B214008D11A0 /* mecab.cpp */ = {isa = PBXFileReference; fileEncoding = 4; lastKnownFileType = sourcecode.cpp.cpp; path = mecab.cpp; sourceTree = "<group>"; };
		A31DEEFF1818B214008D11A0 /* nbest_generator.cpp */ = {isa = PBXFileReference; fileEncoding = 4; lastKnownFileType = sourcecode.cpp.cpp; path = nbest_generator.cpp; sourceTree = "<group>"; };
		A31DEF001818B214008D11A0 /* param.cpp */ = {isa = PBXFileReference; fileEncoding = 4; lastKnownFileType = sourcecode.cpp.cpp; path = param.cpp; sourceTree = "<group>"; };
		A31DEF011818B214008D11A0 /* string_buffer.cpp */ = {isa = PBXFileReference; fileEncoding = 4; lastKnownFileType = sourcecode.cpp.cpp; path = string_buffer.cpp; sourceTree = "<group>"; };
		A31DEF021818B214008D11A0 /* tagger.cpp */ = {isa = PBXFileReference; fileEncoding = 4; lastKnownFileType = sourcecode.cpp.cpp; path = tagger.cpp; sourceTree = "<group>"; };
		A31DEF031818B214008D11A0 /* tokenizer.cpp */ = {isa = PBXFileReference; fileEncoding = 4; lastKnownFileType = sourcecode.cpp.cpp; path = tokenizer.cpp; sourceTree = "<group>"; };
		A31DEF041818B214008D11A0 /* utils.cpp */ = {isa = PBXFileReference; fileEncoding = 4; lastKnownFileType = sourcecode.cpp.cpp; path = utils.cpp; sourceTree = "<group>"; };
		A31DEF051818B214008D11A0 /* viterbi.cpp */ = {isa = PBXFileReference; fileEncoding = 4; lastKnownFileType = sourcecode.cpp.cpp; path = viterbi.cpp; sourceTree = "<group>"; };
		A31DEF061818B214008D11A0 /* writer.cpp */ = {isa = PBXFileReference; fileEncoding = 4; lastKnownFileType = sourcecode.cpp.cpp; path = writer.cpp; sourceTree = "<group>"; };
		A31DEF401818B34C008D11A0 /* config.h */ = {isa = PBXFileReference; fileEncoding = 4; lastKnownFileType = sourcecode.c.h; path = config.h; sourceTree = "<group>"; };
		A3D2944F170AD7F000209D38 /* mecab_Prefix.pch */ = {isa = PBXFileReference; fileEncoding = 4; lastKnownFileType = sourcecode.c.h; name = mecab_Prefix.pch; path = mecab/mecab_Prefix.pch; sourceTree = "<group>"; };
		AACBBE490F95108600F1A2B1 /* Foundation.framework */ = {isa = PBXFileReference; lastKnownFileType = wrapper.framework; name = Foundation.framework; path = System/Library/Frameworks/Foundation.framework; sourceTree = SDKROOT; };
		D2AAC07E0554694100DB518D /* libmecab.a */ = {isa = PBXFileReference; explicitFileType = archive.ar; includeInIndex = 0; path = libmecab.a; sourceTree = BUILT_PRODUCTS_DIR; };
/* End PBXFileReference section */

/* Begin PBXFrameworksBuildPhase section */
		D2AAC07C0554694100DB518D /* Frameworks */ = {
			isa = PBXFrameworksBuildPhase;
			buildActionMask = 2147483647;
			files = (
				AACBBE4A0F95108600F1A2B1 /* Foundation.framework in Frameworks */,
			);
			runOnlyForDeploymentPostprocessing = 0;
		};
/* End PBXFrameworksBuildPhase section */

/* Begin PBXGroup section */
		034768DFFF38A50411DB9C8B /* Products */ = {
			isa = PBXGroup;
			children = (
				D2AAC07E0554694100DB518D /* libmecab.a */,
			);
			name = Products;
			sourceTree = "<group>";
		};
		0867D691FE84028FC02AAC07 /* mecab */ = {
			isa = PBXGroup;
			children = (
				A3D29451170AD86300209D38 /* mecab */,
				0867D69AFE84028FC02AAC07 /* Frameworks */,
				034768DFFF38A50411DB9C8B /* Products */,
			);
			name = mecab;
			sourceTree = "<group>";
		};
		0867D69AFE84028FC02AAC07 /* Frameworks */ = {
			isa = PBXGroup;
			children = (
				AACBBE490F95108600F1A2B1 /* Foundation.framework */,
			);
			name = Frameworks;
			sourceTree = "<group>";
		};
		32C88DFF0371C24200C91783 /* Supporting Files */ = {
			isa = PBXGroup;
			children = (
				A3D2944F170AD7F000209D38 /* mecab_Prefix.pch */,
			);
			name = "Supporting Files";
			path = ..;
			sourceTree = "<group>";
		};
		A3D29451170AD86300209D38 /* mecab */ = {
			isa = PBXGroup;
			children = (
				A3D29452170AD86300209D38 /* Classes */,
				32C88DFF0371C24200C91783 /* Supporting Files */,
			);
			path = mecab;
			sourceTree = "<group>";
		};
		A3D29452170AD86300209D38 /* Classes */ = {
			isa = PBXGroup;
			children = (
				A31DEECF1818B214008D11A0 /* char_property.h */,
				A31DEED01818B214008D11A0 /* common.h */,
				A31DEF401818B34C008D11A0 /* config.h */,
				A31DEED11818B214008D11A0 /* connector.h */,
				A31DEED21818B214008D11A0 /* context_id.h */,
				A31DEED31818B214008D11A0 /* darts.h */,
				A31DEED41818B214008D11A0 /* dictionary_rewriter.h */,
				A31DEED51818B214008D11A0 /* dictionary.h */,
				A31DEED61818B214008D11A0 /* feature_index.h */,
				A31DEED71818B214008D11A0 /* freelist.h */,
				A31DEED81818B214008D11A0 /* iconv_utils.h */,
				A31DEED91818B214008D11A0 /* lbfgs.h */,
				A31DEEDA1818B214008D11A0 /* learner_node.h */,
				A31DEEDB1818B214008D11A0 /* learner_tagger.h */,
				A31DEEDC1818B214008D11A0 /* mecab.h */,
				A31DEEDD1818B214008D11A0 /* mmap.h */,
				A31DEEDE1818B214008D11A0 /* nbest_generator.h */,
				A31DEEDF1818B214008D11A0 /* param.h */,
				A31DEEE01818B214008D11A0 /* scoped_ptr.h */,
				A31DEEE11818B214008D11A0 /* stream_wrapper.h */,
				A31DEEE21818B214008D11A0 /* string_buffer.h */,
				A31DEEE31818B214008D11A0 /* thread.h */,
				A31DEEE41818B214008D11A0 /* tokenizer.h */,
				A31DEEE51818B214008D11A0 /* ucs.h */,
				A31DEEE61818B214008D11A0 /* ucstable.h */,
				A31DEEE71818B214008D11A0 /* utils.h */,
				A31DEEE81818B214008D11A0 /* viterbi.h */,
				A31DEEE91818B214008D11A0 /* winmain.h */,
				A31DEEEA1818B214008D11A0 /* writer.h */,
				A31DEEEB1818B214008D11A0 /* char_property.cpp */,
				A31DEEEC1818B214008D11A0 /* connector.cpp */,
				A31DEEED1818B214008D11A0 /* context_id.cpp */,
				A31DEEEE1818B214008D11A0 /* dictionary_compiler.cpp */,
				A31DEEEF1818B214008D11A0 /* dictionary_generator.cpp */,
				A31DEEF01818B214008D11A0 /* dictionary_rewriter.cpp */,
				A31DEEF11818B214008D11A0 /* dictionary.cpp */,
				A31DEEF21818B214008D11A0 /* eval.cpp */,
				A31DEEF31818B214008D11A0 /* feature_index.cpp */,
				A31DEEF41818B214008D11A0 /* iconv_utils.cpp */,
				A31DEEF51818B214008D11A0 /* lbfgs.cpp */,
				A31DEEF61818B214008D11A0 /* learner_tagger.cpp */,
				A31DEEF71818B214008D11A0 /* learner.cpp */,
				A31DEEF81818B214008D11A0 /* libmecab.cpp */,
				A31DEEF91818B214008D11A0 /* mecab-cost-train.cpp */,
				A31DEEFA1818B214008D11A0 /* mecab-dict-gen.cpp */,
				A31DEEFB1818B214008D11A0 /* mecab-dict-index.cpp */,
				A31DEEFC1818B214008D11A0 /* mecab-system-eval.cpp */,
				A31DEEFD1818B214008D11A0 /* mecab-test-gen.cpp */,
				A31DEEFE1818B214008D11A0 /* mecab.cpp */,
				A31DEEFF1818B214008D11A0 /* nbest_generator.cpp */,
				A31DEF001818B214008D11A0 /* param.cpp */,
				A31DEF011818B214008D11A0 /* string_buffer.cpp */,
				A31DEF021818B214008D11A0 /* tagger.cpp */,
				A31DEF031818B214008D11A0 /* tokenizer.cpp */,
				A31DEF041818B214008D11A0 /* utils.cpp */,
				A31DEF051818B214008D11A0 /* viterbi.cpp */,
				A31DEF061818B214008D11A0 /* writer.cpp */,
			);
			path = Classes;
			sourceTree = "<group>";
		};
/* End PBXGroup section */

/* Begin PBXHeadersBuildPhase section */
		D2AAC07A0554694100DB518D /* Headers */ = {
			isa = PBXHeadersBuildPhase;
			buildActionMask = 2147483647;
			files = (
				A31DEF111818B214008D11A0 /* iconv_utils.h in Headers */,
				A31DEF101818B214008D11A0 /* freelist.h in Headers */,
				A31DEF201818B214008D11A0 /* utils.h in Headers */,
				A31DEF0E1818B214008D11A0 /* dictionary.h in Headers */,
				A31DEF121818B214008D11A0 /* lbfgs.h in Headers */,
				A31DEF0A1818B214008D11A0 /* connector.h in Headers */,
				A31DEF1B1818B214008D11A0 /* string_buffer.h in Headers */,
				A31DEF1E1818B214008D11A0 /* ucs.h in Headers */,
				A3D29450170AD7F000209D38 /* mecab_Prefix.pch in Headers */,
				A31DEF171818B214008D11A0 /* nbest_generator.h in Headers */,
				A31DEF1C1818B214008D11A0 /* thread.h in Headers */,
				A31DEF231818B214008D11A0 /* writer.h in Headers */,
				A31DEF131818B214008D11A0 /* learner_node.h in Headers */,
				A31DEF161818B214008D11A0 /* mmap.h in Headers */,
				A31DEF411818B34C008D11A0 /* config.h in Headers */,
				A31DEF211818B214008D11A0 /* viterbi.h in Headers */,
				A31DEF221818B214008D11A0 /* winmain.h in Headers */,
				A31DEF0F1818B214008D11A0 /* feature_index.h in Headers */,
				A31DEF1A1818B214008D11A0 /* stream_wrapper.h in Headers */,
				A31DEF141818B214008D11A0 /* learner_tagger.h in Headers */,
				A31DEF151818B214008D11A0 /* mecab.h in Headers */,
				A31DEF1F1818B214008D11A0 /* ucstable.h in Headers */,
				A31DEF181818B214008D11A0 /* param.h in Headers */,
				A31DEF0B1818B214008D11A0 /* context_id.h in Headers */,
				A31DEF0C1818B214008D11A0 /* darts.h in Headers */,
				A31DEF191818B214008D11A0 /* scoped_ptr.h in Headers */,
				A31DEF0D1818B214008D11A0 /* dictionary_rewriter.h in Headers */,
				A31DEF091818B214008D11A0 /* common.h in Headers */,
				A31DEF081818B214008D11A0 /* char_property.h in Headers */,
				A31DEF1D1818B214008D11A0 /* tokenizer.h in Headers */,
			);
			runOnlyForDeploymentPostprocessing = 0;
		};
/* End PBXHeadersBuildPhase section */

/* Begin PBXNativeTarget section */
		D2AAC07D0554694100DB518D /* mecab */ = {
			isa = PBXNativeTarget;
			buildConfigurationList = 1DEB921E08733DC00010E9CD /* Build configuration list for PBXNativeTarget "mecab" */;
			buildPhases = (
				D2AAC07A0554694100DB518D /* Headers */,
				A3D29589170B04A500209D38 /* Resources */,
				D2AAC07B0554694100DB518D /* Sources */,
				D2AAC07C0554694100DB518D /* Frameworks */,
			);
			buildRules = (
			);
			dependencies = (
			);
			name = mecab;
			productName = mecab;
			productReference = D2AAC07E0554694100DB518D /* libmecab.a */;
			productType = "com.apple.product-type.library.static";
		};
/* End PBXNativeTarget section */

/* Begin PBXProject section */
		0867D690FE84028FC02AAC07 /* Project object */ = {
			isa = PBXProject;
			attributes = {
				LastUpgradeCheck = 0500;
			};
			buildConfigurationList = 1DEB922208733DC00010E9CD /* Build configuration list for PBXProject "mecab" */;
			compatibilityVersion = "Xcode 3.2";
			developmentRegion = English;
			hasScannedForEncodings = 1;
			knownRegions = (
				English,
				Japanese,
				French,
				German,
			);
			mainGroup = 0867D691FE84028FC02AAC07 /* mecab */;
			productRefGroup = 034768DFFF38A50411DB9C8B /* Products */;
			projectDirPath = "";
			projectRoot = "";
			targets = (
				D2AAC07D0554694100DB518D /* mecab */,
			);
		};
/* End PBXProject section */

/* Begin PBXResourcesBuildPhase section */
		A3D29589170B04A500209D38 /* Resources */ = {
			isa = PBXResourcesBuildPhase;
			buildActionMask = 2147483647;
			files = (
			);
			runOnlyForDeploymentPostprocessing = 0;
		};
/* End PBXResourcesBuildPhase section */

/* Begin PBXSourcesBuildPhase section */
		D2AAC07B0554694100DB518D /* Sources */ = {
			isa = PBXSourcesBuildPhase;
			buildActionMask = 2147483647;
			files = (
				A31DEF271818B214008D11A0 /* dictionary_compiler.cpp in Sources */,
				A31DEF2F1818B214008D11A0 /* learner_tagger.cpp in Sources */,
				A31DEF2C1818B214008D11A0 /* feature_index.cpp in Sources */,
				A31DEF331818B214008D11A0 /* mecab-dict-gen.cpp in Sources */,
				A31DEF2B1818B214008D11A0 /* eval.cpp in Sources */,
				A31DEF3D1818B214008D11A0 /* utils.cpp in Sources */,
				A31DEF391818B214008D11A0 /* param.cpp in Sources */,
				A31DEF301818B214008D11A0 /* learner.cpp in Sources */,
				A31DEF371818B214008D11A0 /* mecab.cpp in Sources */,
				A31DEF2D1818B214008D11A0 /* iconv_utils.cpp in Sources */,
				A31DEF311818B214008D11A0 /* libmecab.cpp in Sources */,
				A31DEF3C1818B214008D11A0 /* tokenizer.cpp in Sources */,
				A31DEF3F1818B214008D11A0 /* writer.cpp in Sources */,
				A31DEF291818B214008D11A0 /* dictionary_rewriter.cpp in Sources */,
				A31DEF2A1818B214008D11A0 /* dictionary.cpp in Sources */,
				A31DEF3A1818B214008D11A0 /* string_buffer.cpp in Sources */,
				A31DEF3E1818B214008D11A0 /* viterbi.cpp in Sources */,
				A31DEF3B1818B214008D11A0 /* tagger.cpp in Sources */,
				A31DEF261818B214008D11A0 /* context_id.cpp in Sources */,
				A31DEF351818B214008D11A0 /* mecab-system-eval.cpp in Sources */,
				A31DEF241818B214008D11A0 /* char_property.cpp in Sources */,
				A31DEF321818B214008D11A0 /* mecab-cost-train.cpp in Sources */,
				A31DEF2E1818B214008D11A0 /* lbfgs.cpp in Sources */,
				A31DEF381818B214008D11A0 /* nbest_generator.cpp in Sources */,
				A31DEF281818B214008D11A0 /* dictionary_generator.cpp in Sources */,
				A31DEF361818B214008D11A0 /* mecab-test-gen.cpp in Sources */,
				A31DEF341818B214008D11A0 /* mecab-dict-index.cpp in Sources */,
				A31DEF251818B214008D11A0 /* connector.cpp in Sources */,
			);
			runOnlyForDeploymentPostprocessing = 0;
		};
/* End PBXSourcesBuildPhase section */

/* Begin XCBuildConfiguration section */
		1DEB921F08733DC00010E9CD /* Debug */ = {
			isa = XCBuildConfiguration;
			buildSettings = {
				ALWAYS_SEARCH_USER_PATHS = NO;
				COPY_PHASE_STRIP = NO;
				DSTROOT = /tmp/mecab.dst;
				GCC_DYNAMIC_NO_PIC = NO;
				GCC_MODEL_TUNING = G5;
				GCC_OPTIMIZATION_LEVEL = 0;
				GCC_PRECOMPILE_PREFIX_HEADER = YES;
				GCC_PREFIX_HEADER = mecab/mecab_Prefix.pch;
				INSTALL_PATH = /usr/local/lib;
				OTHER_LDFLAGS = "-ObjC";
				PRODUCT_NAME = mecab;
				SKIP_INSTALL = YES;
				TARGETED_DEVICE_FAMILY = "1,2";
			};
			name = Debug;
		};
		1DEB922008733DC00010E9CD /* Release */ = {
			isa = XCBuildConfiguration;
			buildSettings = {
				ALWAYS_SEARCH_USER_PATHS = NO;
				DSTROOT = /tmp/mecab.dst;
				GCC_MODEL_TUNING = G5;
				GCC_PRECOMPILE_PREFIX_HEADER = YES;
				GCC_PREFIX_HEADER = mecab/mecab_Prefix.pch;
				INSTALL_PATH = /usr/local/lib;
				OTHER_LDFLAGS = "-ObjC";
				PRODUCT_NAME = mecab;
				SKIP_INSTALL = YES;
				TARGETED_DEVICE_FAMILY = "1,2";
			};
			name = Release;
		};
		1DEB922308733DC00010E9CD /* Debug */ = {
			isa = XCBuildConfiguration;
			buildSettings = {
				ARCHS = "$(ARCHS_STANDARD_INCLUDING_64_BIT)";
				GCC_C_LANGUAGE_STANDARD = c99;
				GCC_OPTIMIZATION_LEVEL = 0;
				GCC_PREPROCESSOR_DEFINITIONS = HAVE_CONFIG_H;
				GCC_WARN_ABOUT_RETURN_TYPE = YES;
				GCC_WARN_UNUSED_VARIABLE = YES;
				IPHONEOS_DEPLOYMENT_TARGET = 5.1.1;
				ONLY_ACTIVE_ARCH = YES;
				OTHER_LDFLAGS = "-ObjC";
				SDKROOT = iphoneos;
			};
			name = Debug;
		};
		1DEB922408733DC00010E9CD /* Release */ = {
			isa = XCBuildConfiguration;
			buildSettings = {
				ARCHS = "$(ARCHS_STANDARD_INCLUDING_64_BIT)";
				GCC_C_LANGUAGE_STANDARD = c99;
				GCC_PREPROCESSOR_DEFINITIONS = HAVE_CONFIG_H;
				GCC_WARN_ABOUT_RETURN_TYPE = YES;
				GCC_WARN_UNUSED_VARIABLE = YES;
				IPHONEOS_DEPLOYMENT_TARGET = 5.1.1;
				OTHER_LDFLAGS = "-ObjC";
				SDKROOT = iphoneos;
			};
			name = Release;
		};
/* End XCBuildConfiguration section */

/* Begin XCConfigurationList section */
		1DEB921E08733DC00010E9CD /* Build configuration list for PBXNativeTarget "mecab" */ = {
			isa = XCConfigurationList;
			buildConfigurations = (
				1DEB921F08733DC00010E9CD /* Debug */,
				1DEB922008733DC00010E9CD /* Release */,
			);
			defaultConfigurationIsVisible = 0;
			defaultConfigurationName = Release;
		};
		1DEB922208733DC00010E9CD /* Build configuration list for PBXProject "mecab" */ = {
			isa = XCConfigurationList;
			buildConfigurations = (
				1DEB922308733DC00010E9CD /* Debug */,
				1DEB922408733DC00010E9CD /* Release */,
			);
			defaultConfigurationIsVisible = 0;
			defaultConfigurationName = Release;
		};
/* End XCConfigurationList section */
	};
	rootObject = 0867D690FE84028FC02AAC07 /* Project object */;
}
